
Microsoft Visual Studio Solution File, Format Version 12.00
# Visual Studio Version 17
VisualStudioVersion = 17.10.35122.118
MinimumVisualStudioVersion = 10.0.40219.1
Project("{9A19103F-16F7-4668-BE54-9A1E7A4F7556}") = "FirstProjAsp", "FirstProjAsp\FirstProjAsp.csproj", "{93FC00B4-28E7-4471-91D5-620F7A7DA541}"
EndProject
Global
	GlobalSection(SolutionConfigurationPlatforms) = preSolution
		Debug|Any CPU = Debug|Any CPU
		Release|Any CPU = Release|Any CPU
	EndGlobalSection
	GlobalSection(ProjectConfigurationPlatforms) = postSolution
		{93FC00B4-28E7-4471-91D5-620F7A7DA541}.Debug|Any CPU.ActiveCfg = Debug|Any CPU
		{93FC00B4-28E7-4471-91D5-620F7A7DA541}.Debug|Any CPU.Build.0 = Debug|Any CPU
		{93FC00B4-28E7-4471-91D5-620F7A7DA541}.Release|Any CPU.ActiveCfg = Release|Any CPU
		{93FC00B4-28E7-4471-91D5-620F7A7DA541}.Release|Any CPU.Build.0 = Release|Any CPU
	EndGlobalSection
	GlobalSection(SolutionProperties) = preSolution
		HideSolutionNode = FALSE
	EndGlobalSection
	GlobalSection(ExtensibilityGlobals) = postSolution
		SolutionGuid = {5A235B50-4F48-41A0-A857-A50B9A34A668}
	EndGlobalSection
EndGlobal
